
Microsoft Visual Studio Solution File, Format Version 12.00
# Visual Studio Version 17
VisualStudioVersion = 17.3.32825.248
MinimumVisualStudioVersion = 10.0.40219.1
Project("{FAE04EC0-301F-11D3-BF4B-00C04F79EFBC}") = "princeton.Android", "princeton.Android\princeton.Android.csproj", "{E1655407-3B12-40C7-89F4-BC651D8D7EB3}"
EndProject
Project("{FAE04EC0-301F-11D3-BF4B-00C04F79EFBC}") = "princeton.iOS", "princeton.iOS\princeton.iOS.csproj", "{4BCCB0E7-47B7-4C6D-8DDD-6483E30B0159}"
EndProject
Project("{FAE04EC0-301F-11D3-BF4B-00C04F79EFBC}") = "princeton", "princeton\princeton.csproj", "{ED5EB098-5995-44B6-8F36-2DC58177F398}"
EndProject
Global
	GlobalSection(SolutionConfigurationPlatforms) = preSolution
		Debug|Any CPU = Debug|Any CPU
		Debug|iPhone = Debug|iPhone
		Debug|iPhoneSimulator = Debug|iPhoneSimulator
		Release|Any CPU = Release|Any CPU
		Release|iPhone = Release|iPhone
		Release|iPhoneSimulator = Release|iPhoneSimulator
	EndGlobalSection
	GlobalSection(ProjectConfigurationPlatforms) = postSolution
		{E1655407-3B12-40C7-89F4-BC651D8D7EB3}.Debug|Any CPU.ActiveCfg = Debug|Any CPU
		{E1655407-3B12-40C7-89F4-BC651D8D7EB3}.Debug|Any CPU.Build.0 = Debug|Any CPU
		{E1655407-3B12-40C7-89F4-BC651D8D7EB3}.Debug|Any CPU.Deploy.0 = Debug|Any CPU
		{E1655407-3B12-40C7-89F4-BC651D8D7EB3}.Debug|iPhone.ActiveCfg = Debug|Any CPU
		{E1655407-3B12-40C7-89F4-BC651D8D7EB3}.Debug|iPhone.Build.0 = Debug|Any CPU
		{E1655407-3B12-40C7-89F4-BC651D8D7EB3}.Debug|iPhone.Deploy.0 = Debug|Any CPU
		{E1655407-3B12-40C7-89F4-BC651D8D7EB3}.Debug|iPhoneSimulator.ActiveCfg = Debug|Any CPU
		{E1655407-3B12-40C7-89F4-BC651D8D7EB3}.Debug|iPhoneSimulator.Build.0 = Debug|Any CPU
		{E1655407-3B12-40C7-89F4-BC651D8D7EB3}.Debug|iPhoneSimulator.Deploy.0 = Debug|Any CPU
		{E1655407-3B12-40C7-89F4-BC651D8D7EB3}.Release|Any CPU.ActiveCfg = Release|Any CPU
		{E1655407-3B12-40C7-89F4-BC651D8D7EB3}.Release|Any CPU.Build.0 = Release|Any CPU
		{E1655407-3B12-40C7-89F4-BC651D8D7EB3}.Release|Any CPU.Deploy.0 = Release|Any CPU
		{E1655407-3B12-40C7-89F4-BC651D8D7EB3}.Release|iPhone.ActiveCfg = Release|Any CPU
		{E1655407-3B12-40C7-89F4-BC651D8D7EB3}.Release|iPhone.Build.0 = Release|Any CPU
		{E1655407-3B12-40C7-89F4-BC651D8D7EB3}.Release|iPhone.Deploy.0 = Release|Any CPU
		{E1655407-3B12-40C7-89F4-BC651D8D7EB3}.Release|iPhoneSimulator.ActiveCfg = Release|Any CPU
		{E1655407-3B12-40C7-89F4-BC651D8D7EB3}.Release|iPhoneSimulator.Build.0 = Release|Any CPU
		{E1655407-3B12-40C7-89F4-BC651D8D7EB3}.Release|iPhoneSimulator.Deploy.0 = Release|Any CPU
		{4BCCB0E7-47B7-4C6D-8DDD-6483E30B0159}.Debug|Any CPU.ActiveCfg = Debug|iPhone
		{4BCCB0E7-47B7-4C6D-8DDD-6483E30B0159}.Debug|Any CPU.Build.0 = Debug|iPhone
		{4BCCB0E7-47B7-4C6D-8DDD-6483E30B0159}.Debug|Any CPU.Deploy.0 = Debug|iPhone
		{4BCCB0E7-47B7-4C6D-8DDD-6483E30B0159}.Debug|iPhone.ActiveCfg = Debug|iPhone
		{4BCCB0E7-47B7-4C6D-8DDD-6483E30B0159}.Debug|iPhone.Build.0 = Debug|iPhone
		{4BCCB0E7-47B7-4C6D-8DDD-6483E30B0159}.Debug|iPhone.Deploy.0 = Debug|iPhone
		{4BCCB0E7-47B7-4C6D-8DDD-6483E30B0159}.Debug|iPhoneSimulator.ActiveCfg = Debug|iPhoneSimulator
		{4BCCB0E7-47B7-4C6D-8DDD-6483E30B0159}.Debug|iPhoneSimulator.Build.0 = Debug|iPhoneSimulator
		{4BCCB0E7-47B7-4C6D-8DDD-6483E30B0159}.Debug|iPhoneSimulator.Deploy.0 = Debug|iPhoneSimulator
		{4BCCB0E7-47B7-4C6D-8DDD-6483E30B0159}.Release|Any CPU.ActiveCfg = Release|iPhoneSimulator
		{4BCCB0E7-47B7-4C6D-8DDD-6483E30B0159}.Release|Any CPU.Build.0 = Release|iPhoneSimulator
		{4BCCB0E7-47B7-4C6D-8DDD-6483E30B0159}.Release|Any CPU.Deploy.0 = Release|iPhoneSimulator
		{4BCCB0E7-47B7-4C6D-8DDD-6483E30B0159}.Release|iPhone.ActiveCfg = Release|iPhone
		{4BCCB0E7-47B7-4C6D-8DDD-6483E30B0159}.Release|iPhone.Build.0 = Release|iPhone
		{4BCCB0E7-47B7-4C6D-8DDD-6483E30B0159}.Release|iPhone.Deploy.0 = Release|iPhone
		{4BCCB0E7-47B7-4C6D-8DDD-6483E30B0159}.Release|iPhoneSimulator.ActiveCfg = Release|iPhoneSimulator
		{4BCCB0E7-47B7-4C6D-8DDD-6483E30B0159}.Release|iPhoneSimulator.Build.0 = Release|iPhoneSimulator
		{4BCCB0E7-47B7-4C6D-8DDD-6483E30B0159}.Release|iPhoneSimulator.Deploy.0 = Release|iPhoneSimulator
		{ED5EB098-5995-44B6-8F36-2DC58177F398}.Debug|Any CPU.ActiveCfg = Debug|Any CPU
		{ED5EB098-5995-44B6-8F36-2DC58177F398}.Debug|Any CPU.Build.0 = Debug|Any CPU
		{ED5EB098-5995-44B6-8F36-2DC58177F398}.Debug|Any CPU.Deploy.0 = Debug|Any CPU
		{ED5EB098-5995-44B6-8F36-2DC58177F398}.Debug|iPhone.ActiveCfg = Debug|Any CPU
		{ED5EB098-5995-44B6-8F36-2DC58177F398}.Debug|iPhone.Build.0 = Debug|Any CPU
		{ED5EB098-5995-44B6-8F36-2DC58177F398}.Debug|iPhone.Deploy.0 = Debug|Any CPU
		{ED5EB098-5995-44B6-8F36-2DC58177F398}.Debug|iPhoneSimulator.ActiveCfg = Debug|Any CPU
		{ED5EB098-5995-44B6-8F36-2DC58177F398}.Debug|iPhoneSimulator.Build.0 = Debug|Any CPU
		{ED5EB098-5995-44B6-8F36-2DC58177F398}.Debug|iPhoneSimulator.Deploy.0 = Debug|Any CPU
		{ED5EB098-5995-44B6-8F36-2DC58177F398}.Release|Any CPU.ActiveCfg = Release|Any CPU
		{ED5EB098-5995-44B6-8F36-2DC58177F398}.Release|Any CPU.Build.0 = Release|Any CPU
		{ED5EB098-5995-44B6-8F36-2DC58177F398}.Release|Any CPU.Deploy.0 = Release|Any CPU
		{ED5EB098-5995-44B6-8F36-2DC58177F398}.Release|iPhone.ActiveCfg = Release|Any CPU
		{ED5EB098-5995-44B6-8F36-2DC58177F398}.Release|iPhone.Build.0 = Release|Any CPU
		{ED5EB098-5995-44B6-8F36-2DC58177F398}.Release|iPhone.Deploy.0 = Release|Any CPU
		{ED5EB098-5995-44B6-8F36-2DC58177F398}.Release|iPhoneSimulator.ActiveCfg = Release|Any CPU
		{ED5EB098-5995-44B6-8F36-2DC58177F398}.Release|iPhoneSimulator.Build.0 = Release|Any CPU
		{ED5EB098-5995-44B6-8F36-2DC58177F398}.Release|iPhoneSimulator.Deploy.0 = Release|Any CPU
	EndGlobalSection
	GlobalSection(SolutionProperties) = preSolution
		HideSolutionNode = FALSE
	EndGlobalSection
	GlobalSection(ExtensibilityGlobals) = postSolution
		SolutionGuid = {A93F25C3-AD25-43E6-9E74-FC3AA7D98872}
	EndGlobalSection
EndGlobal
